
Microsoft Visual Studio Solution File, Format Version 12.00
# Visual Studio Version 16
VisualStudioVersion = 16.0.34601.136
MinimumVisualStudioVersion = 10.0.40219.1
Project("{FAE04EC0-301F-11D3-BF4B-00C04F79EFBC}") = "Lvh-Lab05", "Lvh-Lab05\Lvh-Lab05.csproj", "{821D7EF2-B88D-4619-B239-15FC05EDFBF6}"
EndProject
Global
	GlobalSection(SolutionConfigurationPlatforms) = preSolution
		Debug|Any CPU = Debug|Any CPU
		Release|Any CPU = Release|Any CPU
	EndGlobalSection
	GlobalSection(ProjectConfigurationPlatforms) = postSolution
		{821D7EF2-B88D-4619-B239-15FC05EDFBF6}.Debug|Any CPU.ActiveCfg = Debug|Any CPU
		{821D7EF2-B88D-4619-B239-15FC05EDFBF6}.Debug|Any CPU.Build.0 = Debug|Any CPU
		{821D7EF2-B88D-4619-B239-15FC05EDFBF6}.Release|Any CPU.ActiveCfg = Release|Any CPU
		{821D7EF2-B88D-4619-B239-15FC05EDFBF6}.Release|Any CPU.Build.0 = Release|Any CPU
	EndGlobalSection
	GlobalSection(SolutionProperties) = preSolution
		HideSolutionNode = FALSE
	EndGlobalSection
	GlobalSection(ExtensibilityGlobals) = postSolution
		SolutionGuid = {D607753D-060E-4164-B594-25F9FEA90DCC}
	EndGlobalSection
EndGlobal
